
Microsoft Visual Studio Solution File, Format Version 12.00
# Visual Studio Version 16
VisualStudioVersion = 16.0.31424.327
MinimumVisualStudioVersion = 10.0.40219.1
Project("{FAE04EC0-301F-11D3-BF4B-00C04F79EFBC}") = "QAAcademy", "QAAcademy\QAAcademy.csproj", "{09D39FA2-9BF2-4CB9-96CB-60277DFC7392}"
EndProject
Global
	GlobalSection(SolutionConfigurationPlatforms) = preSolution
		Debug|Any CPU = Debug|Any CPU
		Release|Any CPU = Release|Any CPU
	EndGlobalSection
	GlobalSection(ProjectConfigurationPlatforms) = postSolution
		{09D39FA2-9BF2-4CB9-96CB-60277DFC7392}.Debug|Any CPU.ActiveCfg = Debug|Any CPU
		{09D39FA2-9BF2-4CB9-96CB-60277DFC7392}.Debug|Any CPU.Build.0 = Debug|Any CPU
		{09D39FA2-9BF2-4CB9-96CB-60277DFC7392}.Release|Any CPU.ActiveCfg = Release|Any CPU
		{09D39FA2-9BF2-4CB9-96CB-60277DFC7392}.Release|Any CPU.Build.0 = Release|Any CPU
	EndGlobalSection
	GlobalSection(SolutionProperties) = preSolution
		HideSolutionNode = FALSE
	EndGlobalSection
	GlobalSection(ExtensibilityGlobals) = postSolution
		SolutionGuid = {8EAF0805-105F-4001-A34D-4FC511472217}
	EndGlobalSection
EndGlobal
